
Microsoft Visual Studio Solution File, Format Version 12.00
# Visual Studio Version 16
VisualStudioVersion = 16.0.31515.178
MinimumVisualStudioVersion = 10.0.40219.1
Project("{FAE04EC0-301F-11D3-BF4B-00C04F79EFBC}") = "my-books", "my-books.csproj", "{7F82EBA7-A4F4-4F80-AA5E-5C0BF23C848A}"
EndProject
Global
	GlobalSection(SolutionConfigurationPlatforms) = preSolution
		Debug|Any CPU = Debug|Any CPU
		Release|Any CPU = Release|Any CPU
	EndGlobalSection
	GlobalSection(ProjectConfigurationPlatforms) = postSolution
		{7F82EBA7-A4F4-4F80-AA5E-5C0BF23C848A}.Debug|Any CPU.ActiveCfg = Debug|Any CPU
		{7F82EBA7-A4F4-4F80-AA5E-5C0BF23C848A}.Debug|Any CPU.Build.0 = Debug|Any CPU
		{7F82EBA7-A4F4-4F80-AA5E-5C0BF23C848A}.Release|Any CPU.ActiveCfg = Release|Any CPU
		{7F82EBA7-A4F4-4F80-AA5E-5C0BF23C848A}.Release|Any CPU.Build.0 = Release|Any CPU
	EndGlobalSection
	GlobalSection(SolutionProperties) = preSolution
		HideSolutionNode = FALSE
	EndGlobalSection
	GlobalSection(ExtensibilityGlobals) = postSolution
		SolutionGuid = {C7DF1CBF-EDD9-40ED-BFAB-1B639F23C548}
	EndGlobalSection
EndGlobal
